
Microsoft Visual Studio Solution File, Format Version 12.00
# Visual Studio 14
VisualStudioVersion = 14.0.23107.0
MinimumVisualStudioVersion = 10.0.40219.1
Project("{262852C6-CD72-467D-83FE-5EEB1973A190}") = "BackgroundAudioPlayerJS", "BackgroundAudioPlayerJS.jsproj", "{DE5E1759-6E1C-4581-9931-58B031B42ABB}"
EndProject
Project("{FAE04EC0-301F-11D3-BF4B-00C04F79EFBC}") = "MyPlaylistManager", "MyPlaylistManager\MyPlaylistManager.csproj", "{8A094926-31A1-4129-8B01-BB6C3852BF12}"
EndProject
Project("{FAE04EC0-301F-11D3-BF4B-00C04F79EFBC}") = "SampleBackgroundAudioTask", "SampleBackgroundAudioTask\SampleBackgroundAudioTask.csproj", "{E75CDE9D-3E85-4458-851B-03FFB74C08E9}"
EndProject
Global
	GlobalSection(SolutionConfigurationPlatforms) = preSolution
		Debug|Any CPU = Debug|Any CPU
		Debug|ARM = Debug|ARM
		Debug|x64 = Debug|x64
		Debug|x86 = Debug|x86
		Release|Any CPU = Release|Any CPU
		Release|ARM = Release|ARM
		Release|x64 = Release|x64
		Release|x86 = Release|x86
	EndGlobalSection
	GlobalSection(ProjectConfigurationPlatforms) = postSolution
		{DE5E1759-6E1C-4581-9931-58B031B42ABB}.Debug|Any CPU.ActiveCfg = Debug|Any CPU
		{DE5E1759-6E1C-4581-9931-58B031B42ABB}.Debug|Any CPU.Build.0 = Debug|Any CPU
		{DE5E1759-6E1C-4581-9931-58B031B42ABB}.Debug|Any CPU.Deploy.0 = Debug|Any CPU
		{DE5E1759-6E1C-4581-9931-58B031B42ABB}.Debug|ARM.ActiveCfg = Debug|ARM
		{DE5E1759-6E1C-4581-9931-58B031B42ABB}.Debug|ARM.Build.0 = Debug|ARM
		{DE5E1759-6E1C-4581-9931-58B031B42ABB}.Debug|ARM.Deploy.0 = Debug|ARM
		{DE5E1759-6E1C-4581-9931-58B031B42ABB}.Debug|x64.ActiveCfg = Debug|x64
		{DE5E1759-6E1C-4581-9931-58B031B42ABB}.Debug|x64.Build.0 = Debug|x64
		{DE5E1759-6E1C-4581-9931-58B031B42ABB}.Debug|x64.Deploy.0 = Debug|x64
		{DE5E1759-6E1C-4581-9931-58B031B42ABB}.Debug|x86.ActiveCfg = Debug|x86
		{DE5E1759-6E1C-4581-9931-58B031B42ABB}.Debug|x86.Build.0 = Debug|x86
		{DE5E1759-6E1C-4581-9931-58B031B42ABB}.Debug|x86.Deploy.0 = Debug|x86
		{DE5E1759-6E1C-4581-9931-58B031B42ABB}.Release|Any CPU.ActiveCfg = Release|Any CPU
		{DE5E1759-6E1C-4581-9931-58B031B42ABB}.Release|Any CPU.Build.0 = Release|Any CPU
		{DE5E1759-6E1C-4581-9931-58B031B42ABB}.Release|Any CPU.Deploy.0 = Release|Any CPU
		{DE5E1759-6E1C-4581-9931-58B031B42ABB}.Release|ARM.ActiveCfg = Release|ARM
		{DE5E1759-6E1C-4581-9931-58B031B42ABB}.Release|ARM.Build.0 = Release|ARM
		{DE5E1759-6E1C-4581-9931-58B031B42ABB}.Release|ARM.Deploy.0 = Release|ARM
		{DE5E1759-6E1C-4581-9931-58B031B42ABB}.Release|x64.ActiveCfg = Release|x64
		{DE5E1759-6E1C-4581-9931-58B031B42ABB}.Release|x64.Build.0 = Release|x64
		{DE5E1759-6E1C-4581-9931-58B031B42ABB}.Release|x64.Deploy.0 = Release|x64
		{DE5E1759-6E1C-4581-9931-58B031B42ABB}.Release|x86.ActiveCfg = Release|x86
		{DE5E1759-6E1C-4581-9931-58B031B42ABB}.Release|x86.Build.0 = Release|x86
		{DE5E1759-6E1C-4581-9931-58B031B42ABB}.Release|x86.Deploy.0 = Release|x86
		{8A094926-31A1-4129-8B01-BB6C3852BF12}.Debug|Any CPU.ActiveCfg = Debug|Any CPU
		{8A094926-31A1-4129-8B01-BB6C3852BF12}.Debug|Any CPU.Build.0 = Debug|Any CPU
		{8A094926-31A1-4129-8B01-BB6C3852BF12}.Debug|ARM.ActiveCfg = Debug|ARM
		{8A094926-31A1-4129-8B01-BB6C3852BF12}.Debug|ARM.Build.0 = Debug|ARM
		{8A094926-31A1-4129-8B01-BB6C3852BF12}.Debug|x64.ActiveCfg = Debug|x64
		{8A094926-31A1-4129-8B01-BB6C3852BF12}.Debug|x64.Build.0 = Debug|x64
		{8A094926-31A1-4129-8B01-BB6C3852BF12}.Debug|x86.ActiveCfg = Debug|x86
		{8A094926-31A1-4129-8B01-BB6C3852BF12}.Debug|x86.Build.0 = Debug|x86
		{8A094926-31A1-4129-8B01-BB6C3852BF12}.Release|Any CPU.ActiveCfg = Release|Any CPU
		{8A094926-31A1-4129-8B01-BB6C3852BF12}.Release|Any CPU.Build.0 = Release|Any CPU
		{8A094926-31A1-4129-8B01-BB6C3852BF12}.Release|ARM.ActiveCfg = Release|ARM
		{8A094926-31A1-4129-8B01-BB6C3852BF12}.Release|ARM.Build.0 = Release|ARM
		{8A094926-31A1-4129-8B01-BB6C3852BF12}.Release|x64.ActiveCfg = Release|x64
		{8A094926-31A1-4129-8B01-BB6C3852BF12}.Release|x64.Build.0 = Release|x64
		{8A094926-31A1-4129-8B01-BB6C3852BF12}.Release|x86.ActiveCfg = Release|x86
		{8A094926-31A1-4129-8B01-BB6C3852BF12}.Release|x86.Build.0 = Release|x86
		{E75CDE9D-3E85-4458-851B-03FFB74C08E9}.Debug|Any CPU.ActiveCfg = Debug|Any CPU
		{E75CDE9D-3E85-4458-851B-03FFB74C08E9}.Debug|Any CPU.Build.0 = Debug|Any CPU
		{E75CDE9D-3E85-4458-851B-03FFB74C08E9}.Debug|ARM.ActiveCfg = Debug|ARM
		{E75CDE9D-3E85-4458-851B-03FFB74C08E9}.Debug|ARM.Build.0 = Debug|ARM
		{E75CDE9D-3E85-4458-851B-03FFB74C08E9}.Debug|x64.ActiveCfg = Debug|x64
		{E75CDE9D-3E85-4458-851B-03FFB74C08E9}.Debug|x64.Build.0 = Debug|x64
		{E75CDE9D-3E85-4458-851B-03FFB74C08E9}.Debug|x86.ActiveCfg = Debug|x86
		{E75CDE9D-3E85-4458-851B-03FFB74C08E9}.Debug|x86.Build.0 = Debug|x86
		{E75CDE9D-3E85-4458-851B-03FFB74C08E9}.Release|Any CPU.ActiveCfg = Release|Any CPU
		{E75CDE9D-3E85-4458-851B-03FFB74C08E9}.Release|Any CPU.Build.0 = Release|Any CPU
		{E75CDE9D-3E85-4458-851B-03FFB74C08E9}.Release|ARM.ActiveCfg = Release|ARM
		{E75CDE9D-3E85-4458-851B-03FFB74C08E9}.Release|ARM.Build.0 = Release|ARM
		{E75CDE9D-3E85-4458-851B-03FFB74C08E9}.Release|x64.ActiveCfg = Release|x64
		{E75CDE9D-3E85-4458-851B-03FFB74C08E9}.Release|x64.Build.0 = Release|x64
		{E75CDE9D-3E85-4458-851B-03FFB74C08E9}.Release|x86.ActiveCfg = Release|x86
		{E75CDE9D-3E85-4458-851B-03FFB74C08E9}.Release|x86.Build.0 = Release|x86
	EndGlobalSection
	GlobalSection(SolutionProperties) = preSolution
		HideSolutionNode = FALSE
	EndGlobalSection
EndGlobal
